{
  "version": "5",
  "specifiers": {
    "npm:@supabase/supabase-js@2": "2.87.0"
  },
  "npm": {
    "@supabase/auth-js@2.87.0": {
      "integrity": "sha512-Otv/fjkyev9cH55VoZHwbzDd5N8y1SNREqDpzE8cqI2KnlHAkr0g6ZWv7d8elVKhS3le09xvAeRaoONGaRc8sA==",
      "dependencies": [
        "tslib"
      ]
    },
    "@supabase/functions-js@2.87.0": {
      "integrity": "sha512-L4Y6PD8gyeWMZeHXiwywICIJvEWnnwn8E3Z7V3Wn60/N+jDKMaRJlaCncPf8rhHzFuJlabqRiVEy5nCKjmAnXA==",
      "dependencies": [
        "tslib"
      ]
    },
    "@supabase/postgrest-js@2.87.0": {
      "integrity": "sha512-2+86Iyq9INVQE++L/kCWSoWApeoU4CVO6VKJrzaxGQGESylTVam5mqVqC0LQnjZ39kIKQgYmZ3yylXMmPNFHJQ==",
      "dependencies": [
        "tslib"
      ]
    },
    "@supabase/realtime-js@2.87.0": {
      "integrity": "sha512-38l2jg9yb9cMos3cVWuX9X+nMFZFzW8sD/MJiVvbpRes9gPZ210AMGExYU8/kix5uq/ymSoSsKLnV8DhXYWqOg==",
      "dependencies": [
        "@types/phoenix",
        "@types/ws",
        "tslib",
        "ws"
      ]
    },
    "@supabase/storage-js@2.87.0": {
      "integrity": "sha512-luTghajY3IrrKglP5bjf2/51ASg5xaZUALsZuzR23RmuMg4lc4pzq4TxEgnkLoUGDT7Ppr9+uSgvIhf1snXbAw==",
      "dependencies": [
        "iceberg-js",
        "tslib"
      ]
    },
    "@supabase/supabase-js@2.87.0": {
      "integrity": "sha512-4u8JtF8qPW1V1FEcfqeRFU/9LK6CNjuLpDcJOjL1npobMPFCQhCQsWCYBnRlyf3QN7o7LG5zSKFRsmk8wJK/+Q==",
      "dependencies": [
        "@supabase/auth-js",
        "@supabase/functions-js",
        "@supabase/postgrest-js",
        "@supabase/realtime-js",
        "@supabase/storage-js"
      ]
    },
    "@types/node@24.2.0": {
      "integrity": "sha512-3xyG3pMCq3oYCNg7/ZP+E1ooTaGB4cG8JWRsqqOYQdbWNY4zbaV0Ennrd7stjiJEFZCaybcIgpTjJWHRfBSIDw==",
      "dependencies": [
        "undici-types"
      ]
    },
    "@types/phoenix@1.6.7": {
      "integrity": "sha512-oN9ive//QSBkf19rfDv45M7eZPi0eEXylht2OLEXicu5b4KoQ1OzXIw+xDSGWxSxe1JmepRR/ZH283vsu518/Q=="
    },
    "@types/ws@8.18.1": {
      "integrity": "sha512-ThVF6DCVhA8kUGy+aazFQ4kXQ7E1Ty7A3ypFOe0IcJV8O/M511G99AW24irKrW56Wt44yG9+ij8FaqoBGkuBXg==",
      "dependencies": [
        "@types/node"
      ]
    },
    "iceberg-js@0.8.1": {
      "integrity": "sha512-1dhVQZXhcHje7798IVM+xoo/1ZdVfzOMIc8/rgVSijRK38EDqOJoGula9N/8ZI5RD8QTxNQtK/Gozpr+qUqRRA=="
    },
    "tslib@2.8.1": {
      "integrity": "sha512-oJFu94HQb+KVduSUQL7wnpmqnfmLsOA/nAh6b6EH0wCEoK0/mPeXU6c3wKDV83MkOuHPRHtSXKKU99IBazS/2w=="
    },
    "undici-types@7.10.0": {
      "integrity": "sha512-t5Fy/nfn+14LuOc2KNYg75vZqClpAiqscVvMygNnlsHBFpSXdJaYtXMcdNLpl/Qvc3P2cB3s6lOV51nqsFq4ag=="
    },
    "ws@8.18.3": {
      "integrity": "sha512-PEIGCY5tSlUt50cqyMXfCzX+oOPqN0vuGqWzbcJ2xvnkzkq46oOpz7dQaTDBdfICb4N14+GARUDw2XV2N4tvzg=="
    }
  },
  "workspace": {
    "dependencies": [
      "npm:@supabase/supabase-js@2"
    ]
  }
}
